
Microsoft Visual Studio Solution File, Format Version 12.00
# Visual Studio Version 16
VisualStudioVersion = 16.0.28729.10
MinimumVisualStudioVersion = 10.0.40219.1
Project("{FAE04EC0-301F-11D3-BF4B-00C04F79EFBC}") = "Graph amilator", "Graph amilator\Graph amilator.csproj", "{5711BFF8-4B8D-4051-AFDE-FF75B6B241EC}"
EndProject
Global
	GlobalSection(SolutionConfigurationPlatforms) = preSolution
		Debug|Any CPU = Debug|Any CPU
		Release|Any CPU = Release|Any CPU
	EndGlobalSection
	GlobalSection(ProjectConfigurationPlatforms) = postSolution
		{5711BFF8-4B8D-4051-AFDE-FF75B6B241EC}.Debug|Any CPU.ActiveCfg = Debug|Any CPU
		{5711BFF8-4B8D-4051-AFDE-FF75B6B241EC}.Debug|Any CPU.Build.0 = Debug|Any CPU
		{5711BFF8-4B8D-4051-AFDE-FF75B6B241EC}.Release|Any CPU.ActiveCfg = Release|Any CPU
		{5711BFF8-4B8D-4051-AFDE-FF75B6B241EC}.Release|Any CPU.Build.0 = Release|Any CPU
	EndGlobalSection
	GlobalSection(SolutionProperties) = preSolution
		HideSolutionNode = FALSE
	EndGlobalSection
	GlobalSection(ExtensibilityGlobals) = postSolution
		SolutionGuid = {1DFB5D71-A29D-4EFB-9E64-39FD9771BA9E}
	EndGlobalSection
EndGlobal
